<?xml version="1.0" encoding="utf-8"?>
<Project ToolsVersion="4.0" xmlns="http://schemas.microsoft.com/developer/msbuild/2003">
  <ItemGroup>
    <ClCompile Include="Render\Camera.cpp">
      <Filter>Render</Filter>
    </ClCompile>
    <ClCompile Include="Render\Render.cpp">
      <Filter>Render</Filter>
    </ClCompile>
    <ClCompile Include="RenderUtils.cpp" />
    <ClCompile Include="main.cpp" />
    <ClCompile Include="callbacks.cpp" />
    <ClCompile Include="Vector3D.cpp" />
    <ClCompile Include="Particle.cpp" />
    <ClCompile Include="Cannon.cpp" />
    <ClCompile Include="ParticleSystem.cpp" />
    <ClCompile Include="ParticleGen.cpp" />
    <ClCompile Include="GaussianGen.cpp" />
    <ClCompile Include="ForceGenerator.cpp" />
    <ClCompile Include="WindForceGenerator.cpp" />
    <ClCompile Include="GravityForceGenerator.cpp" />
    <ClCompile Include="TornadoForceGenerator.cpp" />
    <ClCompile Include="ExplosionForceGenerator.cpp" />
    <ClCompile Include="Scene.cpp" />
    <ClCompile Include="TestScene.cpp" />
    <ClCompile Include="GameScene.cpp" />
    <ClCompile Include="Spaceship.cpp" />
    <ClCompile Include="RealGravityForceGenerator.cpp" />
    <ClCompile Include="Planet.cpp" />
    <ClCompile Include="ForceManager.cpp" />
    <ClCompile Include="ExplodingPlanet.cpp" />
    <ClCompile Include="RingedPlanet.cpp" />
    <ClCompile Include="Nebula.cpp" />
    <ClCompile Include="SpringForceGenerator.cpp" />
    <ClCompile Include="Anchor.cpp" />
    <ClCompile Include="ElasticRopeForceGenerator.cpp" />
    <ClCompile Include="FloatingForceGenerator.cpp" />
    <ClCompile Include="Sea.cpp" />
    <ClCompile Include="DynamicSolid.cpp" />
    <ClCompile Include="Solid.cpp" />
    <ClCompile Include="StaticSolid.cpp" />
    <ClCompile Include="SolidPSystem.cpp" />
    <ClCompile Include="SolidGen.cpp" />
    <ClCompile Include="GaussianSolidGen.cpp" />
  </ItemGroup>
  <ItemGroup>
    <ClInclude Include="core.hpp" />
    <ClInclude Include="Render\Camera.h">
      <Filter>Render</Filter>
    </ClInclude>
    <ClInclude Include="Render\Render.h">
      <Filter>Render</Filter>
    </ClInclude>
    <ClInclude Include="RenderUtils.hpp" />
    <ClInclude Include="callbacks.hpp" />
    <ClInclude Include="Vector3D.h" />
    <ClInclude Include="Particle.h" />
    <ClInclude Include="Cannon.h" />
    <ClInclude Include="ParticleSystem.h" />
    <ClInclude Include="ParticleGen.h" />
    <ClInclude Include="GaussianGen.h" />
    <ClInclude Include="ForceGenerator.h" />
    <ClInclude Include="WindForceGenerator.h" />
    <ClInclude Include="GravityForceGenerator.h" />
    <ClInclude Include="TornadoForceGenerator.h" />
    <ClInclude Include="ExplosionForceGenerator.h" />
    <ClInclude Include="Scene.h" />
    <ClInclude Include="TestScene.h" />
    <ClInclude Include="GameScene.h" />
    <ClInclude Include="Spaceship.h" />
    <ClInclude Include="RealGravityForceGenerator.h" />
    <ClInclude Include="Planet.h" />
    <ClInclude Include="ForceManager.h" />
    <ClInclude Include="Singleton.h" />
    <ClInclude Include="ExplodingPlanet.h" />
    <ClInclude Include="RingedPlanet.h" />
    <ClInclude Include="Nebula.h" />
    <ClInclude Include="checkML.h" />
    <ClInclude Include="SpringForceGenerator.h" />
    <ClInclude Include="Anchor.h" />
    <ClInclude Include="ElasticRopeForceGenerator.h" />
    <ClInclude Include="FloatingForceGenerator.h" />
    <ClInclude Include="Sea.h" />
    <ClInclude Include="DynamicSolid.h" />
    <ClInclude Include="Solid.h" />
    <ClInclude Include="StaticSolid.h" />
    <ClInclude Include="SolidPSystem.h" />
    <ClInclude Include="SolidGen.h" />
    <ClInclude Include="GaussianSolidGen.h" />
  </ItemGroup>
  <ItemGroup>
    <Filter Include="Render">
      <UniqueIdentifier>{d04b4f9f-5a69-465e-8070-25c6d0bcd3c2}</UniqueIdentifier>
    </Filter>
  </ItemGroup>
</Project>